
Microsoft Visual Studio Solution File, Format Version 12.00
Project("{FAE04EC0-301F-11D3-BF4B-00C04F79EFBC}") = "Blender Rendering", "Blender Rendering\Blender Rendering.csproj", "{245C29C3-B8B9-4DD0-985B-3402B67D7C66}"
EndProject
Global
	GlobalSection(SolutionConfigurationPlatforms) = preSolution
		Debug|Any CPU = Debug|Any CPU
		Release|Any CPU = Release|Any CPU
	EndGlobalSection
	GlobalSection(ProjectConfigurationPlatforms) = postSolution
		{245C29C3-B8B9-4DD0-985B-3402B67D7C66}.Debug|Any CPU.ActiveCfg = Debug|Any CPU
		{245C29C3-B8B9-4DD0-985B-3402B67D7C66}.Debug|Any CPU.Build.0 = Debug|Any CPU
		{245C29C3-B8B9-4DD0-985B-3402B67D7C66}.Release|Any CPU.ActiveCfg = Release|Any CPU
		{245C29C3-B8B9-4DD0-985B-3402B67D7C66}.Release|Any CPU.Build.0 = Release|Any CPU
	EndGlobalSection
EndGlobal
